// !$*UTF8*$!
{
	archiveVersion = 1;
	classes = {
	};
	objectVersion = 60;
	objects = {

/* Begin PBXBuildFile section */
		3D69595F2C989C90003DBACB /* PomodoroMenuApp.swift in Sources */ = {isa = PBXBuildFile; fileRef = 3D69595E2C989C90003DBACB /* PomodoroMenuApp.swift */; };
		3D6959632C989C92003DBACB /* Assets.xcassets in Resources */ = {isa = PBXBuildFile; fileRef = 3D6959622C989C92003DBACB /* Assets.xcassets */; };
		3D6959662C989C92003DBACB /* Preview Assets.xcassets in Resources */ = {isa = PBXBuildFile; fileRef = 3D6959652C989C92003DBACB /* Preview Assets.xcassets */; };
		3D6959702C989D1E003DBACB /* TimerModel.swift in Sources */ = {isa = PBXBuildFile; fileRef = 3D69596F2C989D1E003DBACB /* TimerModel.swift */; };
		3D6959722C989D43003DBACB /* ProgressViews.swift in Sources */ = {isa = PBXBuildFile; fileRef = 3D6959712C989D43003DBACB /* ProgressViews.swift */; };
		3D6959742C989D65003DBACB /* SettingsView.swift in Sources */ = {isa = PBXBuildFile; fileRef = 3D6959732C989D65003DBACB /* SettingsView.swift */; };
		3D6959782C98A248003DBACB /* PopoverContentView.swift in Sources */ = {isa = PBXBuildFile; fileRef = 3D6959772C98A248003DBACB /* PopoverContentView.swift */; };
		3D6959E92C9C898F003DBACB /* MenuBarLabelView.swift in Sources */ = {isa = PBXBuildFile; fileRef = 3D6959E82C9C898F003DBACB /* MenuBarLabelView.swift */; };
		3D6959EB2C9C964D003DBACB /* alarm-clock-beep.wav in Resources */ = {isa = PBXBuildFile; fileRef = 3D6959EA2C9C964D003DBACB /* alarm-clock-beep.wav */; };
		3D6959ED2C9CBD08003DBACB /* TimerCompletedBanner.swift in Sources */ = {isa = PBXBuildFile; fileRef = 3D6959EC2C9CBD08003DBACB /* TimerCompletedBanner.swift */; };
		3D6959EF2C9CD30D003DBACB /* DurationSelector.swift in Sources */ = {isa = PBXBuildFile; fileRef = 3D6959EE2C9CD30D003DBACB /* DurationSelector.swift */; };
		3D6959F12C9CDF4E003DBACB /* ColorEXT.swift in Sources */ = {isa = PBXBuildFile; fileRef = 3D6959F02C9CDF4E003DBACB /* ColorEXT.swift */; };
		3D6959F32C9CEABE003DBACB /* TimerView.swift in Sources */ = {isa = PBXBuildFile; fileRef = 3D6959F22C9CEABE003DBACB /* TimerView.swift */; };
		3DEC23592C9CFB7D00F52FFB /* StartPauseButton.swift in Sources */ = {isa = PBXBuildFile; fileRef = 3DEC23582C9CFB7D00F52FFB /* StartPauseButton.swift */; };
		3DEC235B2C9CFBA200F52FFB /* ResetButton.swift in Sources */ = {isa = PBXBuildFile; fileRef = 3DEC235A2C9CFBA200F52FFB /* ResetButton.swift */; };
/* End PBXBuildFile section */

/* Begin PBXFileReference section */
		3D69595B2C989C90003DBACB /* PomodoroMenu.app */ = {isa = PBXFileReference; explicitFileType = wrapper.application; includeInIndex = 0; path = PomodoroMenu.app; sourceTree = BUILT_PRODUCTS_DIR; };
		3D69595E2C989C90003DBACB /* PomodoroMenuApp.swift */ = {isa = PBXFileReference; lastKnownFileType = sourcecode.swift; path = PomodoroMenuApp.swift; sourceTree = "<group>"; };
		3D6959622C989C92003DBACB /* Assets.xcassets */ = {isa = PBXFileReference; lastKnownFileType = folder.assetcatalog; path = Assets.xcassets; sourceTree = "<group>"; };
		3D6959652C989C92003DBACB /* Preview Assets.xcassets */ = {isa = PBXFileReference; lastKnownFileType = folder.assetcatalog; path = "Preview Assets.xcassets"; sourceTree = "<group>"; };
		3D6959672C989C92003DBACB /* PomodoroMenu.entitlements */ = {isa = PBXFileReference; lastKnownFileType = text.plist.entitlements; path = PomodoroMenu.entitlements; sourceTree = "<group>"; };
		3D69596F2C989D1E003DBACB /* TimerModel.swift */ = {isa = PBXFileReference; lastKnownFileType = sourcecode.swift; path = TimerModel.swift; sourceTree = "<group>"; };
		3D6959712C989D43003DBACB /* ProgressViews.swift */ = {isa = PBXFileReference; lastKnownFileType = sourcecode.swift; path = ProgressViews.swift; sourceTree = "<group>"; };
		3D6959732C989D65003DBACB /* SettingsView.swift */ = {isa = PBXFileReference; lastKnownFileType = sourcecode.swift; path = SettingsView.swift; sourceTree = "<group>"; };
		3D6959772C98A248003DBACB /* PopoverContentView.swift */ = {isa = PBXFileReference; lastKnownFileType = sourcecode.swift; path = PopoverContentView.swift; sourceTree = "<group>"; };
		3D69597B2C98C43A003DBACB /* Info.plist */ = {isa = PBXFileReference; lastKnownFileType = text.plist; path = Info.plist; sourceTree = "<group>"; };
		3D6959E82C9C898F003DBACB /* MenuBarLabelView.swift */ = {isa = PBXFileReference; lastKnownFileType = sourcecode.swift; path = MenuBarLabelView.swift; sourceTree = "<group>"; };
		3D6959EA2C9C964D003DBACB /* alarm-clock-beep.wav */ = {isa = PBXFileReference; lastKnownFileType = audio.wav; path = "alarm-clock-beep.wav"; sourceTree = "<group>"; };
		3D6959EC2C9CBD08003DBACB /* TimerCompletedBanner.swift */ = {isa = PBXFileReference; lastKnownFileType = sourcecode.swift; path = TimerCompletedBanner.swift; sourceTree = "<group>"; };
		3D6959EE2C9CD30D003DBACB /* DurationSelector.swift */ = {isa = PBXFileReference; lastKnownFileType = sourcecode.swift; path = DurationSelector.swift; sourceTree = "<group>"; };
		3D6959F02C9CDF4E003DBACB /* ColorEXT.swift */ = {isa = PBXFileReference; lastKnownFileType = sourcecode.swift; path = ColorEXT.swift; sourceTree = "<group>"; };
		3D6959F22C9CEABE003DBACB /* TimerView.swift */ = {isa = PBXFileReference; lastKnownFileType = sourcecode.swift; path = TimerView.swift; sourceTree = "<group>"; };
		3DEC23582C9CFB7D00F52FFB /* StartPauseButton.swift */ = {isa = PBXFileReference; lastKnownFileType = sourcecode.swift; path = StartPauseButton.swift; sourceTree = "<group>"; };
		3DEC235A2C9CFBA200F52FFB /* ResetButton.swift */ = {isa = PBXFileReference; lastKnownFileType = sourcecode.swift; path = ResetButton.swift; sourceTree = "<group>"; };
/* End PBXFileReference section */

/* Begin PBXFrameworksBuildPhase section */
		3D6959582C989C90003DBACB /* Frameworks */ = {
			isa = PBXFrameworksBuildPhase;
			buildActionMask = 2147483647;
			files = (
			);
			runOnlyForDeploymentPostprocessing = 0;
		};
/* End PBXFrameworksBuildPhase section */

/* Begin PBXGroup section */
		3D6959522C989C90003DBACB = {
			isa = PBXGroup;
			children = (
				3D69595D2C989C90003DBACB /* PomodoroMenu */,
				3D69595C2C989C90003DBACB /* Products */,
			);
			sourceTree = "<group>";
		};
		3D69595C2C989C90003DBACB /* Products */ = {
			isa = PBXGroup;
			children = (
				3D69595B2C989C90003DBACB /* PomodoroMenu.app */,
			);
			name = Products;
			sourceTree = "<group>";
		};
		3D69595D2C989C90003DBACB /* PomodoroMenu */ = {
			isa = PBXGroup;
			children = (
				3D69597B2C98C43A003DBACB /* Info.plist */,
				3D69595E2C989C90003DBACB /* PomodoroMenuApp.swift */,
				3D69596F2C989D1E003DBACB /* TimerModel.swift */,
				3D6959E82C9C898F003DBACB /* MenuBarLabelView.swift */,
				3D6959712C989D43003DBACB /* ProgressViews.swift */,
				3D6959732C989D65003DBACB /* SettingsView.swift */,
				3D6959772C98A248003DBACB /* PopoverContentView.swift */,
				3DEC235A2C9CFBA200F52FFB /* ResetButton.swift */,
				3DEC23582C9CFB7D00F52FFB /* StartPauseButton.swift */,
				3D6959F02C9CDF4E003DBACB /* ColorEXT.swift */,
				3D6959EE2C9CD30D003DBACB /* DurationSelector.swift */,
				3D6959F22C9CEABE003DBACB /* TimerView.swift */,
				3D6959EC2C9CBD08003DBACB /* TimerCompletedBanner.swift */,
				3D6959622C989C92003DBACB /* Assets.xcassets */,
				3D6959672C989C92003DBACB /* PomodoroMenu.entitlements */,
				3D6959EA2C9C964D003DBACB /* alarm-clock-beep.wav */,
				3D6959642C989C92003DBACB /* Preview Content */,
			);
			path = PomodoroMenu;
			sourceTree = "<group>";
		};
		3D6959642C989C92003DBACB /* Preview Content */ = {
			isa = PBXGroup;
			children = (
				3D6959652C989C92003DBACB /* Preview Assets.xcassets */,
			);
			path = "Preview Content";
			sourceTree = "<group>";
		};
/* End PBXGroup section */

/* Begin PBXNativeTarget section */
		3D69595A2C989C90003DBACB /* PomodoroMenu */ = {
			isa = PBXNativeTarget;
			buildConfigurationList = 3D69596A2C989C92003DBACB /* Build configuration list for PBXNativeTarget "PomodoroMenu" */;
			buildPhases = (
				3D6959572C989C90003DBACB /* Sources */,
				3D6959582C989C90003DBACB /* Frameworks */,
				3D6959592C989C90003DBACB /* Resources */,
			);
			buildRules = (
			);
			dependencies = (
			);
			name = PomodoroMenu;
			productName = PomodoroMenu;
			productReference = 3D69595B2C989C90003DBACB /* PomodoroMenu.app */;
			productType = "com.apple.product-type.application";
		};
/* End PBXNativeTarget section */

/* Begin PBXProject section */
		3D6959532C989C90003DBACB /* Project object */ = {
			isa = PBXProject;
			attributes = {
				BuildIndependentTargetsInParallel = 1;
				LastSwiftUpdateCheck = 1600;
				LastUpgradeCheck = 1600;
				TargetAttributes = {
					3D69595A2C989C90003DBACB = {
						CreatedOnToolsVersion = 16.0;
					};
				};
			};
			buildConfigurationList = 3D6959562C989C90003DBACB /* Build configuration list for PBXProject "PomodoroMenu" */;
			compatibilityVersion = "Xcode 15.0";
			developmentRegion = en;
			hasScannedForEncodings = 0;
			knownRegions = (
				en,
				Base,
			);
			mainGroup = 3D6959522C989C90003DBACB;
			productRefGroup = 3D69595C2C989C90003DBACB /* Products */;
			projectDirPath = "";
			projectRoot = "";
			targets = (
				3D69595A2C989C90003DBACB /* PomodoroMenu */,
			);
		};
/* End PBXProject section */

/* Begin PBXResourcesBuildPhase section */
		3D6959592C989C90003DBACB /* Resources */ = {
			isa = PBXResourcesBuildPhase;
			buildActionMask = 2147483647;
			files = (
				3D6959662C989C92003DBACB /* Preview Assets.xcassets in Resources */,
				3D6959EB2C9C964D003DBACB /* alarm-clock-beep.wav in Resources */,
				3D6959632C989C92003DBACB /* Assets.xcassets in Resources */,
			);
			runOnlyForDeploymentPostprocessing = 0;
		};
/* End PBXResourcesBuildPhase section */

/* Begin PBXSourcesBuildPhase section */
		3D6959572C989C90003DBACB /* Sources */ = {
			isa = PBXSourcesBuildPhase;
			buildActionMask = 2147483647;
			files = (
				3D6959F32C9CEABE003DBACB /* TimerView.swift in Sources */,
				3D6959EF2C9CD30D003DBACB /* DurationSelector.swift in Sources */,
				3D6959722C989D43003DBACB /* ProgressViews.swift in Sources */,
				3D6959702C989D1E003DBACB /* TimerModel.swift in Sources */,
				3DEC23592C9CFB7D00F52FFB /* StartPauseButton.swift in Sources */,
				3D6959742C989D65003DBACB /* SettingsView.swift in Sources */,
				3D6959ED2C9CBD08003DBACB /* TimerCompletedBanner.swift in Sources */,
				3DEC235B2C9CFBA200F52FFB /* ResetButton.swift in Sources */,
				3D6959782C98A248003DBACB /* PopoverContentView.swift in Sources */,
				3D6959E92C9C898F003DBACB /* MenuBarLabelView.swift in Sources */,
				3D6959F12C9CDF4E003DBACB /* ColorEXT.swift in Sources */,
				3D69595F2C989C90003DBACB /* PomodoroMenuApp.swift in Sources */,
			);
			runOnlyForDeploymentPostprocessing = 0;
		};
/* End PBXSourcesBuildPhase section */

/* Begin XCBuildConfiguration section */
		3D6959682C989C92003DBACB /* Debug */ = {
			isa = XCBuildConfiguration;
			buildSettings = {
				ALWAYS_SEARCH_USER_PATHS = NO;
				ASSETCATALOG_COMPILER_GENERATE_SWIFT_ASSET_SYMBOL_EXTENSIONS = YES;
				CLANG_ANALYZER_NONNULL = YES;
				CLANG_ANALYZER_NUMBER_OBJECT_CONVERSION = YES_AGGRESSIVE;
				CLANG_CXX_LANGUAGE_STANDARD = "gnu++20";
				CLANG_ENABLE_MODULES = YES;
				CLANG_ENABLE_OBJC_ARC = YES;
				CLANG_ENABLE_OBJC_WEAK = YES;
				CLANG_WARN_BLOCK_CAPTURE_AUTORELEASING = YES;
				CLANG_WARN_BOOL_CONVERSION = YES;
				CLANG_WARN_COMMA = YES;
				CLANG_WARN_CONSTANT_CONVERSION = YES;
				CLANG_WARN_DEPRECATED_OBJC_IMPLEMENTATIONS = YES;
				CLANG_WARN_DIRECT_OBJC_ISA_USAGE = YES_ERROR;
				CLANG_WARN_DOCUMENTATION_COMMENTS = YES;
				CLANG_WARN_EMPTY_BODY = YES;
				CLANG_WARN_ENUM_CONVERSION = YES;
				CLANG_WARN_INFINITE_RECURSION = YES;
				CLANG_WARN_INT_CONVERSION = YES;
				CLANG_WARN_NON_LITERAL_NULL_CONVERSION = YES;
				CLANG_WARN_OBJC_IMPLICIT_RETAIN_SELF = YES;
				CLANG_WARN_OBJC_LITERAL_CONVERSION = YES;
				CLANG_WARN_OBJC_ROOT_CLASS = YES_ERROR;
				CLANG_WARN_QUOTED_INCLUDE_IN_FRAMEWORK_HEADER = YES;
				CLANG_WARN_RANGE_LOOP_ANALYSIS = YES;
				CLANG_WARN_STRICT_PROTOTYPES = YES;
				CLANG_WARN_SUSPICIOUS_MOVE = YES;
				CLANG_WARN_UNGUARDED_AVAILABILITY = YES_AGGRESSIVE;
				CLANG_WARN_UNREACHABLE_CODE = YES;
				CLANG_WARN__DUPLICATE_METHOD_MATCH = YES;
				COPY_PHASE_STRIP = NO;
				DEBUG_INFORMATION_FORMAT = dwarf;
				ENABLE_STRICT_OBJC_MSGSEND = YES;
				ENABLE_TESTABILITY = YES;
				ENABLE_USER_SCRIPT_SANDBOXING = YES;
				GCC_C_LANGUAGE_STANDARD = gnu17;
				GCC_DYNAMIC_NO_PIC = NO;
				GCC_NO_COMMON_BLOCKS = YES;
				GCC_OPTIMIZATION_LEVEL = 0;
				GCC_PREPROCESSOR_DEFINITIONS = (
					"DEBUG=1",
					"$(inherited)",
				);
				GCC_WARN_64_TO_32_BIT_CONVERSION = YES;
				GCC_WARN_ABOUT_RETURN_TYPE = YES_ERROR;
				GCC_WARN_UNDECLARED_SELECTOR = YES;
				GCC_WARN_UNINITIALIZED_AUTOS = YES_AGGRESSIVE;
				GCC_WARN_UNUSED_FUNCTION = YES;
				GCC_WARN_UNUSED_VARIABLE = YES;
				LOCALIZATION_PREFERS_STRING_CATALOGS = YES;
				MACOSX_DEPLOYMENT_TARGET = 15.0;
				MTL_ENABLE_DEBUG_INFO = INCLUDE_SOURCE;
				MTL_FAST_MATH = YES;
				ONLY_ACTIVE_ARCH = YES;
				SDKROOT = macosx;
				SWIFT_ACTIVE_COMPILATION_CONDITIONS = "DEBUG $(inherited)";
				SWIFT_OPTIMIZATION_LEVEL = "-Onone";
			};
			name = Debug;
		};
		3D6959692C989C92003DBACB /* Release */ = {
			isa = XCBuildConfiguration;
			buildSettings = {
				ALWAYS_SEARCH_USER_PATHS = NO;
				ASSETCATALOG_COMPILER_GENERATE_SWIFT_ASSET_SYMBOL_EXTENSIONS = YES;
				CLANG_ANALYZER_NONNULL = YES;
				CLANG_ANALYZER_NUMBER_OBJECT_CONVERSION = YES_AGGRESSIVE;
				CLANG_CXX_LANGUAGE_STANDARD = "gnu++20";
				CLANG_ENABLE_MODULES = YES;
				CLANG_ENABLE_OBJC_ARC = YES;
				CLANG_ENABLE_OBJC_WEAK = YES;
				CLANG_WARN_BLOCK_CAPTURE_AUTORELEASING = YES;
				CLANG_WARN_BOOL_CONVERSION = YES;
				CLANG_WARN_COMMA = YES;
				CLANG_WARN_CONSTANT_CONVERSION = YES;
				CLANG_WARN_DEPRECATED_OBJC_IMPLEMENTATIONS = YES;
				CLANG_WARN_DIRECT_OBJC_ISA_USAGE = YES_ERROR;
				CLANG_WARN_DOCUMENTATION_COMMENTS = YES;
				CLANG_WARN_EMPTY_BODY = YES;
				CLANG_WARN_ENUM_CONVERSION = YES;
				CLANG_WARN_INFINITE_RECURSION = YES;
				CLANG_WARN_INT_CONVERSION = YES;
				CLANG_WARN_NON_LITERAL_NULL_CONVERSION = YES;
				CLANG_WARN_OBJC_IMPLICIT_RETAIN_SELF = YES;
				CLANG_WARN_OBJC_LITERAL_CONVERSION = YES;
				CLANG_WARN_OBJC_ROOT_CLASS = YES_ERROR;
				CLANG_WARN_QUOTED_INCLUDE_IN_FRAMEWORK_HEADER = YES;
				CLANG_WARN_RANGE_LOOP_ANALYSIS = YES;
				CLANG_WARN_STRICT_PROTOTYPES = YES;
				CLANG_WARN_SUSPICIOUS_MOVE = YES;
				CLANG_WARN_UNGUARDED_AVAILABILITY = YES_AGGRESSIVE;
				CLANG_WARN_UNREACHABLE_CODE = YES;
				CLANG_WARN__DUPLICATE_METHOD_MATCH = YES;
				COPY_PHASE_STRIP = NO;
				DEBUG_INFORMATION_FORMAT = "dwarf-with-dsym";
				ENABLE_NS_ASSERTIONS = NO;
				ENABLE_STRICT_OBJC_MSGSEND = YES;
				ENABLE_USER_SCRIPT_SANDBOXING = YES;
				GCC_C_LANGUAGE_STANDARD = gnu17;
				GCC_NO_COMMON_BLOCKS = YES;
				GCC_WARN_64_TO_32_BIT_CONVERSION = YES;
				GCC_WARN_ABOUT_RETURN_TYPE = YES_ERROR;
				GCC_WARN_UNDECLARED_SELECTOR = YES;
				GCC_WARN_UNINITIALIZED_AUTOS = YES_AGGRESSIVE;
				GCC_WARN_UNUSED_FUNCTION = YES;
				GCC_WARN_UNUSED_VARIABLE = YES;
				LOCALIZATION_PREFERS_STRING_CATALOGS = YES;
				MACOSX_DEPLOYMENT_TARGET = 15.0;
				MTL_ENABLE_DEBUG_INFO = NO;
				MTL_FAST_MATH = YES;
				SDKROOT = macosx;
				SWIFT_COMPILATION_MODE = wholemodule;
			};
			name = Release;
		};
		3D69596B2C989C92003DBACB /* Debug */ = {
			isa = XCBuildConfiguration;
			buildSettings = {
				ASSETCATALOG_COMPILER_APPICON_NAME = AppIcon;
				ASSETCATALOG_COMPILER_GLOBAL_ACCENT_COLOR_NAME = AccentColor;
				CODE_SIGN_ENTITLEMENTS = PomodoroMenu/PomodoroMenu.entitlements;
				CODE_SIGN_STYLE = Automatic;
				COMBINE_HIDPI_IMAGES = YES;
				CURRENT_PROJECT_VERSION = 1;
				DEVELOPMENT_ASSET_PATHS = "\"PomodoroMenu/Preview Content\"";
				DEVELOPMENT_TEAM = 8TW2H559F9;
				ENABLE_HARDENED_RUNTIME = YES;
				ENABLE_PREVIEWS = YES;
				GENERATE_INFOPLIST_FILE = YES;
				INFOPLIST_FILE = PomodoroMenu/Info.plist;
				INFOPLIST_KEY_LSUIElement = YES;
				INFOPLIST_KEY_NSHumanReadableCopyright = "";
				LD_RUNPATH_SEARCH_PATHS = (
					"$(inherited)",
					"@executable_path/../Frameworks",
				);
				MARKETING_VERSION = 1.0;
				PRODUCT_BUNDLE_IDENTIFIER = com.AlexRyan.PomodoroMenu;
				PRODUCT_NAME = "$(TARGET_NAME)";
				SWIFT_EMIT_LOC_STRINGS = YES;
				SWIFT_VERSION = 5.0;
			};
			name = Debug;
		};
		3D69596C2C989C92003DBACB /* Release */ = {
			isa = XCBuildConfiguration;
			buildSettings = {
				ASSETCATALOG_COMPILER_APPICON_NAME = AppIcon;
				ASSETCATALOG_COMPILER_GLOBAL_ACCENT_COLOR_NAME = AccentColor;
				CODE_SIGN_ENTITLEMENTS = PomodoroMenu/PomodoroMenu.entitlements;
				CODE_SIGN_STYLE = Automatic;
				COMBINE_HIDPI_IMAGES = YES;
				CURRENT_PROJECT_VERSION = 1;
				DEVELOPMENT_ASSET_PATHS = "\"PomodoroMenu/Preview Content\"";
				DEVELOPMENT_TEAM = 8TW2H559F9;
				ENABLE_HARDENED_RUNTIME = YES;
				ENABLE_PREVIEWS = YES;
				GENERATE_INFOPLIST_FILE = YES;
				INFOPLIST_FILE = PomodoroMenu/Info.plist;
				INFOPLIST_KEY_LSUIElement = YES;
				INFOPLIST_KEY_NSHumanReadableCopyright = "";
				LD_RUNPATH_SEARCH_PATHS = (
					"$(inherited)",
					"@executable_path/../Frameworks",
				);
				MARKETING_VERSION = 1.0;
				PRODUCT_BUNDLE_IDENTIFIER = com.AlexRyan.PomodoroMenu;
				PRODUCT_NAME = "$(TARGET_NAME)";
				SWIFT_EMIT_LOC_STRINGS = YES;
				SWIFT_VERSION = 5.0;
			};
			name = Release;
		};
/* End XCBuildConfiguration section */

/* Begin XCConfigurationList section */
		3D6959562C989C90003DBACB /* Build configuration list for PBXProject "PomodoroMenu" */ = {
			isa = XCConfigurationList;
			buildConfigurations = (
				3D6959682C989C92003DBACB /* Debug */,
				3D6959692C989C92003DBACB /* Release */,
			);
			defaultConfigurationIsVisible = 0;
			defaultConfigurationName = Release;
		};
		3D69596A2C989C92003DBACB /* Build configuration list for PBXNativeTarget "PomodoroMenu" */ = {
			isa = XCConfigurationList;
			buildConfigurations = (
				3D69596B2C989C92003DBACB /* Debug */,
				3D69596C2C989C92003DBACB /* Release */,
			);
			defaultConfigurationIsVisible = 0;
			defaultConfigurationName = Release;
		};
/* End XCConfigurationList section */
	};
	rootObject = 3D6959532C989C90003DBACB /* Project object */;
}
